// !$*UTF8*$!
{
	archiveVersion = 1;
	classes = {
	};
	objectVersion = 50;
	objects = {

/* Begin PBXBuildFile section */
		7E10536D269E327600C5AA7A /* animalImage.swift in Sources */ = {isa = PBXBuildFile; fileRef = 7E10536C269E327600C5AA7A /* animalImage.swift */; };
		7E105370269E346800C5AA7A /* AnimalImages.xcassets in Resources */ = {isa = PBXBuildFile; fileRef = 7E10536F269E346800C5AA7A /* AnimalImages.xcassets */; };
		7E30FE3B2605F60B000EDA0D /* MealTableViewController.swift in Sources */ = {isa = PBXBuildFile; fileRef = 7E30FE3A2605F60B000EDA0D /* MealTableViewController.swift */; };
		7E37BD8526BC759500CF3063 /* VaccInfoViewController.swift in Sources */ = {isa = PBXBuildFile; fileRef = 7E37BD8426BC759500CF3063 /* VaccInfoViewController.swift */; };
		7E46214626BEA607005D7E68 /* DiseaseInfoViewController.swift in Sources */ = {isa = PBXBuildFile; fileRef = 7E46214526BEA606005D7E68 /* DiseaseInfoViewController.swift */; };
		7E46214826BEA625005D7E68 /* EventInfoViewController.swift in Sources */ = {isa = PBXBuildFile; fileRef = 7E46214726BEA625005D7E68 /* EventInfoViewController.swift */; };
		7E6E031B2605EDB40015571B /* AppDelegate.swift in Sources */ = {isa = PBXBuildFile; fileRef = 7E6E031A2605EDB40015571B /* AppDelegate.swift */; };
		7E6E031D2605EDB40015571B /* SceneDelegate.swift in Sources */ = {isa = PBXBuildFile; fileRef = 7E6E031C2605EDB40015571B /* SceneDelegate.swift */; };
		7E6E03222605EDB40015571B /* Main.storyboard in Resources */ = {isa = PBXBuildFile; fileRef = 7E6E03202605EDB40015571B /* Main.storyboard */; };
		7E6E03242605EDB50015571B /* Assets.xcassets in Resources */ = {isa = PBXBuildFile; fileRef = 7E6E03232605EDB50015571B /* Assets.xcassets */; };
		7E6E03272605EDB50015571B /* LaunchScreen.storyboard in Resources */ = {isa = PBXBuildFile; fileRef = 7E6E03252605EDB50015571B /* LaunchScreen.storyboard */; };
		7E6E03322605EDB50015571B /* PetMasterTests.swift in Sources */ = {isa = PBXBuildFile; fileRef = 7E6E03312605EDB50015571B /* PetMasterTests.swift */; };
		7E6E033D2605EDB50015571B /* PetMasterUITests.swift in Sources */ = {isa = PBXBuildFile; fileRef = 7E6E033C2605EDB50015571B /* PetMasterUITests.swift */; };
		7E6E034E2605EDD60015571B /* Animals.swift in Sources */ = {isa = PBXBuildFile; fileRef = 7E6E034D2605EDD60015571B /* Animals.swift */; };
		7E724DE626B95F640002AD4A /* VaccinationsTableViewController.swift in Sources */ = {isa = PBXBuildFile; fileRef = 7E724DE526B95F640002AD4A /* VaccinationsTableViewController.swift */; };
		7E724DE826B964960002AD4A /* AddVaccinationViewController.swift in Sources */ = {isa = PBXBuildFile; fileRef = 7E724DE726B964960002AD4A /* AddVaccinationViewController.swift */; };
		7E724DEA26B9DE710002AD4A /* DiseasesTableViewController.swift in Sources */ = {isa = PBXBuildFile; fileRef = 7E724DE926B9DE710002AD4A /* DiseasesTableViewController.swift */; };
		7E724DEC26B9DE900002AD4A /* AddDiseaseViewController.swift in Sources */ = {isa = PBXBuildFile; fileRef = 7E724DEB26B9DE900002AD4A /* AddDiseaseViewController.swift */; };
		7E80C70726BB2AB000365A8B /* EventsTableViewController.swift in Sources */ = {isa = PBXBuildFile; fileRef = 7E80C70626BB2AB000365A8B /* EventsTableViewController.swift */; };
		7E80C70926BB2AC100365A8B /* AddEventViewController.swift in Sources */ = {isa = PBXBuildFile; fileRef = 7E80C70826BB2AC100365A8B /* AddEventViewController.swift */; };
		7E80C70B26BB330500365A8B /* FoodTableViewController.swift in Sources */ = {isa = PBXBuildFile; fileRef = 7E80C70A26BB330500365A8B /* FoodTableViewController.swift */; };
		7E80C70D26BB331400365A8B /* AddFoodViewController.swift in Sources */ = {isa = PBXBuildFile; fileRef = 7E80C70C26BB331400365A8B /* AddFoodViewController.swift */; };
		7EC5555226B3F8C50054F314 /* AnimalsTableViewController.swift in Sources */ = {isa = PBXBuildFile; fileRef = 7EC5555126B3F8C50054F314 /* AnimalsTableViewController.swift */; };
		7EC5555726B3FC300054F314 /* SettingsViewController.swift in Sources */ = {isa = PBXBuildFile; fileRef = 7EC5555626B3FC300054F314 /* SettingsViewController.swift */; };
		7EC5555A26B3FFA10054F314 /* AddAnimalViewController.swift in Sources */ = {isa = PBXBuildFile; fileRef = 7EC5555926B3FFA10054F314 /* AddAnimalViewController.swift */; };
		7EC5555C26B434CC0054F314 /* SavedAnimals.swift in Sources */ = {isa = PBXBuildFile; fileRef = 7EC5555B26B434CC0054F314 /* SavedAnimals.swift */; };
		7EC5555F26B4746B0054F314 /* AnimalViewController.swift in Sources */ = {isa = PBXBuildFile; fileRef = 7EC5555E26B4746B0054F314 /* AnimalViewController.swift */; };
		7EE8569D26B53C1A00D71283 /* OptionsTableViewController.swift in Sources */ = {isa = PBXBuildFile; fileRef = 7EE8569C26B53C1A00D71283 /* OptionsTableViewController.swift */; };
/* End PBXBuildFile section */

/* Begin PBXContainerItemProxy section */
		7E6E032E2605EDB50015571B /* PBXContainerItemProxy */ = {
			isa = PBXContainerItemProxy;
			containerPortal = 7E6E030F2605EDB40015571B /* Project object */;
			proxyType = 1;
			remoteGlobalIDString = 7E6E03162605EDB40015571B;
			remoteInfo = PetMaster;
		};
		7E6E03392605EDB50015571B /* PBXContainerItemProxy */ = {
			isa = PBXContainerItemProxy;
			containerPortal = 7E6E030F2605EDB40015571B /* Project object */;
			proxyType = 1;
			remoteGlobalIDString = 7E6E03162605EDB40015571B;
			remoteInfo = PetMaster;
		};
/* End PBXContainerItemProxy section */

/* Begin PBXFileReference section */
		7E10536C269E327600C5AA7A /* animalImage.swift */ = {isa = PBXFileReference; lastKnownFileType = sourcecode.swift; path = animalImage.swift; sourceTree = "<group>"; };
		7E10536F269E346800C5AA7A /* AnimalImages.xcassets */ = {isa = PBXFileReference; lastKnownFileType = folder.assetcatalog; path = AnimalImages.xcassets; sourceTree = "<group>"; };
		7E30FE3A2605F60B000EDA0D /* MealTableViewController.swift */ = {isa = PBXFileReference; lastKnownFileType = sourcecode.swift; path = MealTableViewController.swift; sourceTree = "<group>"; };
		7E37BD8426BC759500CF3063 /* VaccInfoViewController.swift */ = {isa = PBXFileReference; lastKnownFileType = sourcecode.swift; path = VaccInfoViewController.swift; sourceTree = "<group>"; };
		7E46214526BEA606005D7E68 /* DiseaseInfoViewController.swift */ = {isa = PBXFileReference; lastKnownFileType = sourcecode.swift; path = DiseaseInfoViewController.swift; sourceTree = "<group>"; };
		7E46214726BEA625005D7E68 /* EventInfoViewController.swift */ = {isa = PBXFileReference; lastKnownFileType = sourcecode.swift; path = EventInfoViewController.swift; sourceTree = "<group>"; };
		7E6E03172605EDB40015571B /* PetMaster.app */ = {isa = PBXFileReference; explicitFileType = wrapper.application; includeInIndex = 0; path = PetMaster.app; sourceTree = BUILT_PRODUCTS_DIR; };
		7E6E031A2605EDB40015571B /* AppDelegate.swift */ = {isa = PBXFileReference; lastKnownFileType = sourcecode.swift; path = AppDelegate.swift; sourceTree = "<group>"; };
		7E6E031C2605EDB40015571B /* SceneDelegate.swift */ = {isa = PBXFileReference; lastKnownFileType = sourcecode.swift; path = SceneDelegate.swift; sourceTree = "<group>"; };
		7E6E03212605EDB40015571B /* Base */ = {isa = PBXFileReference; lastKnownFileType = file.storyboard; name = Base; path = Base.lproj/Main.storyboard; sourceTree = "<group>"; };
		7E6E03232605EDB50015571B /* Assets.xcassets */ = {isa = PBXFileReference; lastKnownFileType = folder.assetcatalog; path = Assets.xcassets; sourceTree = "<group>"; };
		7E6E03262605EDB50015571B /* Base */ = {isa = PBXFileReference; lastKnownFileType = file.storyboard; name = Base; path = Base.lproj/LaunchScreen.storyboard; sourceTree = "<group>"; };
		7E6E03282605EDB50015571B /* Info.plist */ = {isa = PBXFileReference; lastKnownFileType = text.plist.xml; path = Info.plist; sourceTree = "<group>"; };
		7E6E032D2605EDB50015571B /* PetMasterTests.xctest */ = {isa = PBXFileReference; explicitFileType = wrapper.cfbundle; includeInIndex = 0; path = PetMasterTests.xctest; sourceTree = BUILT_PRODUCTS_DIR; };
		7E6E03312605EDB50015571B /* PetMasterTests.swift */ = {isa = PBXFileReference; lastKnownFileType = sourcecode.swift; path = PetMasterTests.swift; sourceTree = "<group>"; };
		7E6E03332605EDB50015571B /* Info.plist */ = {isa = PBXFileReference; lastKnownFileType = text.plist.xml; path = Info.plist; sourceTree = "<group>"; };
		7E6E03382605EDB50015571B /* PetMasterUITests.xctest */ = {isa = PBXFileReference; explicitFileType = wrapper.cfbundle; includeInIndex = 0; path = PetMasterUITests.xctest; sourceTree = BUILT_PRODUCTS_DIR; };
		7E6E033C2605EDB50015571B /* PetMasterUITests.swift */ = {isa = PBXFileReference; lastKnownFileType = sourcecode.swift; path = PetMasterUITests.swift; sourceTree = "<group>"; };
		7E6E033E2605EDB50015571B /* Info.plist */ = {isa = PBXFileReference; lastKnownFileType = text.plist.xml; path = Info.plist; sourceTree = "<group>"; };
		7E6E034D2605EDD60015571B /* Animals.swift */ = {isa = PBXFileReference; lastKnownFileType = sourcecode.swift; path = Animals.swift; sourceTree = "<group>"; };
		7E724DE526B95F640002AD4A /* VaccinationsTableViewController.swift */ = {isa = PBXFileReference; lastKnownFileType = sourcecode.swift; path = VaccinationsTableViewController.swift; sourceTree = "<group>"; };
		7E724DE726B964960002AD4A /* AddVaccinationViewController.swift */ = {isa = PBXFileReference; lastKnownFileType = sourcecode.swift; path = AddVaccinationViewController.swift; sourceTree = "<group>"; };
		7E724DE926B9DE710002AD4A /* DiseasesTableViewController.swift */ = {isa = PBXFileReference; lastKnownFileType = sourcecode.swift; path = DiseasesTableViewController.swift; sourceTree = "<group>"; };
		7E724DEB26B9DE900002AD4A /* AddDiseaseViewController.swift */ = {isa = PBXFileReference; lastKnownFileType = sourcecode.swift; path = AddDiseaseViewController.swift; sourceTree = "<group>"; };
		7E80C70626BB2AB000365A8B /* EventsTableViewController.swift */ = {isa = PBXFileReference; lastKnownFileType = sourcecode.swift; path = EventsTableViewController.swift; sourceTree = "<group>"; };
		7E80C70826BB2AC100365A8B /* AddEventViewController.swift */ = {isa = PBXFileReference; lastKnownFileType = sourcecode.swift; path = AddEventViewController.swift; sourceTree = "<group>"; };
		7E80C70A26BB330500365A8B /* FoodTableViewController.swift */ = {isa = PBXFileReference; lastKnownFileType = sourcecode.swift; path = FoodTableViewController.swift; sourceTree = "<group>"; };
		7E80C70C26BB331400365A8B /* AddFoodViewController.swift */ = {isa = PBXFileReference; lastKnownFileType = sourcecode.swift; path = AddFoodViewController.swift; sourceTree = "<group>"; };
		7EC5555126B3F8C50054F314 /* AnimalsTableViewController.swift */ = {isa = PBXFileReference; lastKnownFileType = sourcecode.swift; path = AnimalsTableViewController.swift; sourceTree = "<group>"; };
		7EC5555626B3FC300054F314 /* SettingsViewController.swift */ = {isa = PBXFileReference; lastKnownFileType = sourcecode.swift; path = SettingsViewController.swift; sourceTree = "<group>"; };
		7EC5555926B3FFA10054F314 /* AddAnimalViewController.swift */ = {isa = PBXFileReference; lastKnownFileType = sourcecode.swift; path = AddAnimalViewController.swift; sourceTree = "<group>"; };
		7EC5555B26B434CC0054F314 /* SavedAnimals.swift */ = {isa = PBXFileReference; lastKnownFileType = sourcecode.swift; path = SavedAnimals.swift; sourceTree = "<group>"; };
		7EC5555E26B4746B0054F314 /* AnimalViewController.swift */ = {isa = PBXFileReference; lastKnownFileType = sourcecode.swift; path = AnimalViewController.swift; sourceTree = "<group>"; };
		7EE8569C26B53C1A00D71283 /* OptionsTableViewController.swift */ = {isa = PBXFileReference; lastKnownFileType = sourcecode.swift; path = OptionsTableViewController.swift; sourceTree = "<group>"; };
/* End PBXFileReference section */

/* Begin PBXFrameworksBuildPhase section */
		7E6E03142605EDB40015571B /* Frameworks */ = {
			isa = PBXFrameworksBuildPhase;
			buildActionMask = 2147483647;
			files = (
			);
			runOnlyForDeploymentPostprocessing = 0;
		};
		7E6E032A2605EDB50015571B /* Frameworks */ = {
			isa = PBXFrameworksBuildPhase;
			buildActionMask = 2147483647;
			files = (
			);
			runOnlyForDeploymentPostprocessing = 0;
		};
		7E6E03352605EDB50015571B /* Frameworks */ = {
			isa = PBXFrameworksBuildPhase;
			buildActionMask = 2147483647;
			files = (
			);
			runOnlyForDeploymentPostprocessing = 0;
		};
/* End PBXFrameworksBuildPhase section */

/* Begin PBXGroup section */
		7E10536E269E339100C5AA7A /* AnimalListScreen */ = {
			isa = PBXGroup;
			children = (
				7EC5555126B3F8C50054F314 /* AnimalsTableViewController.swift */,
				7E6E031A2605EDB40015571B /* AppDelegate.swift */,
				7E10536C269E327600C5AA7A /* animalImage.swift */,
				7E10536F269E346800C5AA7A /* AnimalImages.xcassets */,
			);
			path = AnimalListScreen;
			sourceTree = "<group>";
		};
		7E6E030E2605EDB40015571B = {
			isa = PBXGroup;
			children = (
				7E724DE426B95F410002AD4A /* OtherAnimalInfoVCs */,
				7EC5555D26B4745F0054F314 /* AnimalVC */,
				7EC5555826B3FF910054F314 /* AddAnimalVC */,
				7EC5555326B3FBC20054F314 /* SettingsVC */,
				7E10536E269E339100C5AA7A /* AnimalListScreen */,
				7E6E03192605EDB40015571B /* PetMaster */,
				7E6E03302605EDB50015571B /* PetMasterTests */,
				7E6E033B2605EDB50015571B /* PetMasterUITests */,
				7E6E03182605EDB40015571B /* Products */,
			);
			sourceTree = "<group>";
		};
		7E6E03182605EDB40015571B /* Products */ = {
			isa = PBXGroup;
			children = (
				7E6E03172605EDB40015571B /* PetMaster.app */,
				7E6E032D2605EDB50015571B /* PetMasterTests.xctest */,
				7E6E03382605EDB50015571B /* PetMasterUITests.xctest */,
			);
			name = Products;
			sourceTree = "<group>";
		};
		7E6E03192605EDB40015571B /* PetMaster */ = {
			isa = PBXGroup;
			children = (
				7E6E03202605EDB40015571B /* Main.storyboard */,
				7E6E034D2605EDD60015571B /* Animals.swift */,
				7E6E031C2605EDB40015571B /* SceneDelegate.swift */,
				7E30FE3A2605F60B000EDA0D /* MealTableViewController.swift */,
				7E6E03252605EDB50015571B /* LaunchScreen.storyboard */,
				7E6E03282605EDB50015571B /* Info.plist */,
				7E6E03232605EDB50015571B /* Assets.xcassets */,
				7EC5555B26B434CC0054F314 /* SavedAnimals.swift */,
			);
			path = PetMaster;
			sourceTree = "<group>";
		};
		7E6E03302605EDB50015571B /* PetMasterTests */ = {
			isa = PBXGroup;
			children = (
				7E6E03312605EDB50015571B /* PetMasterTests.swift */,
				7E6E03332605EDB50015571B /* Info.plist */,
			);
			path = PetMasterTests;
			sourceTree = "<group>";
		};
		7E6E033B2605EDB50015571B /* PetMasterUITests */ = {
			isa = PBXGroup;
			children = (
				7E6E033C2605EDB50015571B /* PetMasterUITests.swift */,
				7E6E033E2605EDB50015571B /* Info.plist */,
			);
			path = PetMasterUITests;
			sourceTree = "<group>";
		};
		7E724DE426B95F410002AD4A /* OtherAnimalInfoVCs */ = {
			isa = PBXGroup;
			children = (
				7E724DE526B95F640002AD4A /* VaccinationsTableViewController.swift */,
				7E724DE726B964960002AD4A /* AddVaccinationViewController.swift */,
				7E37BD8426BC759500CF3063 /* VaccInfoViewController.swift */,
				7E724DE926B9DE710002AD4A /* DiseasesTableViewController.swift */,
				7E724DEB26B9DE900002AD4A /* AddDiseaseViewController.swift */,
				7E46214526BEA606005D7E68 /* DiseaseInfoViewController.swift */,
				7E80C70626BB2AB000365A8B /* EventsTableViewController.swift */,
				7E80C70826BB2AC100365A8B /* AddEventViewController.swift */,
				7E46214726BEA625005D7E68 /* EventInfoViewController.swift */,
				7E80C70A26BB330500365A8B /* FoodTableViewController.swift */,
				7E80C70C26BB331400365A8B /* AddFoodViewController.swift */,
			);
			path = OtherAnimalInfoVCs;
			sourceTree = "<group>";
		};
		7EC5555326B3FBC20054F314 /* SettingsVC */ = {
			isa = PBXGroup;
			children = (
				7EC5555626B3FC300054F314 /* SettingsViewController.swift */,
			);
			path = SettingsVC;
			sourceTree = "<group>";
		};
		7EC5555826B3FF910054F314 /* AddAnimalVC */ = {
			isa = PBXGroup;
			children = (
				7EC5555926B3FFA10054F314 /* AddAnimalViewController.swift */,
			);
			path = AddAnimalVC;
			sourceTree = "<group>";
		};
		7EC5555D26B4745F0054F314 /* AnimalVC */ = {
			isa = PBXGroup;
			children = (
				7EC5555E26B4746B0054F314 /* AnimalViewController.swift */,
				7EE8569C26B53C1A00D71283 /* OptionsTableViewController.swift */,
			);
			path = AnimalVC;
			sourceTree = "<group>";
		};
/* End PBXGroup section */

/* Begin PBXNativeTarget section */
		7E6E03162605EDB40015571B /* PetMaster */ = {
			isa = PBXNativeTarget;
			buildConfigurationList = 7E6E03412605EDB50015571B /* Build configuration list for PBXNativeTarget "PetMaster" */;
			buildPhases = (
				7E6E03132605EDB40015571B /* Sources */,
				7E6E03142605EDB40015571B /* Frameworks */,
				7E6E03152605EDB40015571B /* Resources */,
			);
			buildRules = (
			);
			dependencies = (
			);
			name = PetMaster;
			productName = PetMaster;
			productReference = 7E6E03172605EDB40015571B /* PetMaster.app */;
			productType = "com.apple.product-type.application";
		};
		7E6E032C2605EDB50015571B /* PetMasterTests */ = {
			isa = PBXNativeTarget;
			buildConfigurationList = 7E6E03442605EDB50015571B /* Build configuration list for PBXNativeTarget "PetMasterTests" */;
			buildPhases = (
				7E6E03292605EDB50015571B /* Sources */,
				7E6E032A2605EDB50015571B /* Frameworks */,
				7E6E032B2605EDB50015571B /* Resources */,
			);
			buildRules = (
			);
			dependencies = (
				7E6E032F2605EDB50015571B /* PBXTargetDependency */,
			);
			name = PetMasterTests;
			productName = PetMasterTests;
			productReference = 7E6E032D2605EDB50015571B /* PetMasterTests.xctest */;
			productType = "com.apple.product-type.bundle.unit-test";
		};
		7E6E03372605EDB50015571B /* PetMasterUITests */ = {
			isa = PBXNativeTarget;
			buildConfigurationList = 7E6E03472605EDB50015571B /* Build configuration list for PBXNativeTarget "PetMasterUITests" */;
			buildPhases = (
				7E6E03342605EDB50015571B /* Sources */,
				7E6E03352605EDB50015571B /* Frameworks */,
				7E6E03362605EDB50015571B /* Resources */,
			);
			buildRules = (
			);
			dependencies = (
				7E6E033A2605EDB50015571B /* PBXTargetDependency */,
			);
			name = PetMasterUITests;
			productName = PetMasterUITests;
			productReference = 7E6E03382605EDB50015571B /* PetMasterUITests.xctest */;
			productType = "com.apple.product-type.bundle.ui-testing";
		};
/* End PBXNativeTarget section */

/* Begin PBXProject section */
		7E6E030F2605EDB40015571B /* Project object */ = {
			isa = PBXProject;
			attributes = {
				LastSwiftUpdateCheck = 1240;
				LastUpgradeCheck = 1240;
				TargetAttributes = {
					7E6E03162605EDB40015571B = {
						CreatedOnToolsVersion = 12.4;
					};
					7E6E032C2605EDB50015571B = {
						CreatedOnToolsVersion = 12.4;
						TestTargetID = 7E6E03162605EDB40015571B;
					};
					7E6E03372605EDB50015571B = {
						CreatedOnToolsVersion = 12.4;
						TestTargetID = 7E6E03162605EDB40015571B;
					};
				};
			};
			buildConfigurationList = 7E6E03122605EDB40015571B /* Build configuration list for PBXProject "PetMaster" */;
			compatibilityVersion = "Xcode 9.3";
			developmentRegion = en;
			hasScannedForEncodings = 0;
			knownRegions = (
				en,
				Base,
			);
			mainGroup = 7E6E030E2605EDB40015571B;
			productRefGroup = 7E6E03182605EDB40015571B /* Products */;
			projectDirPath = "";
			projectRoot = "";
			targets = (
				7E6E03162605EDB40015571B /* PetMaster */,
				7E6E032C2605EDB50015571B /* PetMasterTests */,
				7E6E03372605EDB50015571B /* PetMasterUITests */,
			);
		};
/* End PBXProject section */

/* Begin PBXResourcesBuildPhase section */
		7E6E03152605EDB40015571B /* Resources */ = {
			isa = PBXResourcesBuildPhase;
			buildActionMask = 2147483647;
			files = (
				7E6E03272605EDB50015571B /* LaunchScreen.storyboard in Resources */,
				7E105370269E346800C5AA7A /* AnimalImages.xcassets in Resources */,
				7E6E03242605EDB50015571B /* Assets.xcassets in Resources */,
				7E6E03222605EDB40015571B /* Main.storyboard in Resources */,
			);
			runOnlyForDeploymentPostprocessing = 0;
		};
		7E6E032B2605EDB50015571B /* Resources */ = {
			isa = PBXResourcesBuildPhase;
			buildActionMask = 2147483647;
			files = (
			);
			runOnlyForDeploymentPostprocessing = 0;
		};
		7E6E03362605EDB50015571B /* Resources */ = {
			isa = PBXResourcesBuildPhase;
			buildActionMask = 2147483647;
			files = (
			);
			runOnlyForDeploymentPostprocessing = 0;
		};
/* End PBXResourcesBuildPhase section */

/* Begin PBXSourcesBuildPhase section */
		7E6E03132605EDB40015571B /* Sources */ = {
			isa = PBXSourcesBuildPhase;
			buildActionMask = 2147483647;
			files = (
				7EC5555F26B4746B0054F314 /* AnimalViewController.swift in Sources */,
				7E80C70B26BB330500365A8B /* FoodTableViewController.swift in Sources */,
				7E46214626BEA607005D7E68 /* DiseaseInfoViewController.swift in Sources */,
				7E80C70D26BB331400365A8B /* AddFoodViewController.swift in Sources */,
				7E37BD8526BC759500CF3063 /* VaccInfoViewController.swift in Sources */,
				7EC5555C26B434CC0054F314 /* SavedAnimals.swift in Sources */,
				7E80C70926BB2AC100365A8B /* AddEventViewController.swift in Sources */,
				7E724DEC26B9DE900002AD4A /* AddDiseaseViewController.swift in Sources */,
				7E724DEA26B9DE710002AD4A /* DiseasesTableViewController.swift in Sources */,
				7E46214826BEA625005D7E68 /* EventInfoViewController.swift in Sources */,
				7E10536D269E327600C5AA7A /* animalImage.swift in Sources */,
				7E30FE3B2605F60B000EDA0D /* MealTableViewController.swift in Sources */,
				7E80C70726BB2AB000365A8B /* EventsTableViewController.swift in Sources */,
				7EC5555A26B3FFA10054F314 /* AddAnimalViewController.swift in Sources */,
				7E724DE626B95F640002AD4A /* VaccinationsTableViewController.swift in Sources */,
				7EC5555726B3FC300054F314 /* SettingsViewController.swift in Sources */,
				7EC5555226B3F8C50054F314 /* AnimalsTableViewController.swift in Sources */,
				7E6E034E2605EDD60015571B /* Animals.swift in Sources */,
				7E6E031B2605EDB40015571B /* AppDelegate.swift in Sources */,
				7E6E031D2605EDB40015571B /* SceneDelegate.swift in Sources */,
				7EE8569D26B53C1A00D71283 /* OptionsTableViewController.swift in Sources */,
				7E724DE826B964960002AD4A /* AddVaccinationViewController.swift in Sources */,
			);
			runOnlyForDeploymentPostprocessing = 0;
		};
		7E6E03292605EDB50015571B /* Sources */ = {
			isa = PBXSourcesBuildPhase;
			buildActionMask = 2147483647;
			files = (
				7E6E03322605EDB50015571B /* PetMasterTests.swift in Sources */,
			);
			runOnlyForDeploymentPostprocessing = 0;
		};
		7E6E03342605EDB50015571B /* Sources */ = {
			isa = PBXSourcesBuildPhase;
			buildActionMask = 2147483647;
			files = (
				7E6E033D2605EDB50015571B /* PetMasterUITests.swift in Sources */,
			);
			runOnlyForDeploymentPostprocessing = 0;
		};
/* End PBXSourcesBuildPhase section */

/* Begin PBXTargetDependency section */
		7E6E032F2605EDB50015571B /* PBXTargetDependency */ = {
			isa = PBXTargetDependency;
			target = 7E6E03162605EDB40015571B /* PetMaster */;
			targetProxy = 7E6E032E2605EDB50015571B /* PBXContainerItemProxy */;
		};
		7E6E033A2605EDB50015571B /* PBXTargetDependency */ = {
			isa = PBXTargetDependency;
			target = 7E6E03162605EDB40015571B /* PetMaster */;
			targetProxy = 7E6E03392605EDB50015571B /* PBXContainerItemProxy */;
		};
/* End PBXTargetDependency section */

/* Begin PBXVariantGroup section */
		7E6E03202605EDB40015571B /* Main.storyboard */ = {
			isa = PBXVariantGroup;
			children = (
				7E6E03212605EDB40015571B /* Base */,
			);
			name = Main.storyboard;
			sourceTree = "<group>";
		};
		7E6E03252605EDB50015571B /* LaunchScreen.storyboard */ = {
			isa = PBXVariantGroup;
			children = (
				7E6E03262605EDB50015571B /* Base */,
			);
			name = LaunchScreen.storyboard;
			sourceTree = "<group>";
		};
/* End PBXVariantGroup section */

/* Begin XCBuildConfiguration section */
		7E6E033F2605EDB50015571B /* Debug */ = {
			isa = XCBuildConfiguration;
			buildSettings = {
				ALWAYS_SEARCH_USER_PATHS = NO;
				CLANG_ANALYZER_NONNULL = YES;
				CLANG_ANALYZER_NUMBER_OBJECT_CONVERSION = YES_AGGRESSIVE;
				CLANG_CXX_LANGUAGE_STANDARD = "gnu++14";
				CLANG_CXX_LIBRARY = "libc++";
				CLANG_ENABLE_MODULES = YES;
				CLANG_ENABLE_OBJC_ARC = YES;
				CLANG_ENABLE_OBJC_WEAK = YES;
				CLANG_WARN_BLOCK_CAPTURE_AUTORELEASING = YES;
				CLANG_WARN_BOOL_CONVERSION = YES;
				CLANG_WARN_COMMA = YES;
				CLANG_WARN_CONSTANT_CONVERSION = YES;
				CLANG_WARN_DEPRECATED_OBJC_IMPLEMENTATIONS = YES;
				CLANG_WARN_DIRECT_OBJC_ISA_USAGE = YES_ERROR;
				CLANG_WARN_DOCUMENTATION_COMMENTS = YES;
				CLANG_WARN_EMPTY_BODY = YES;
				CLANG_WARN_ENUM_CONVERSION = YES;
				CLANG_WARN_INFINITE_RECURSION = YES;
				CLANG_WARN_INT_CONVERSION = YES;
				CLANG_WARN_NON_LITERAL_NULL_CONVERSION = YES;
				CLANG_WARN_OBJC_IMPLICIT_RETAIN_SELF = YES;
				CLANG_WARN_OBJC_LITERAL_CONVERSION = YES;
				CLANG_WARN_OBJC_ROOT_CLASS = YES_ERROR;
				CLANG_WARN_QUOTED_INCLUDE_IN_FRAMEWORK_HEADER = YES;
				CLANG_WARN_RANGE_LOOP_ANALYSIS = YES;
				CLANG_WARN_STRICT_PROTOTYPES = YES;
				CLANG_WARN_SUSPICIOUS_MOVE = YES;
				CLANG_WARN_UNGUARDED_AVAILABILITY = YES_AGGRESSIVE;
				CLANG_WARN_UNREACHABLE_CODE = YES;
				CLANG_WARN__DUPLICATE_METHOD_MATCH = YES;
				COPY_PHASE_STRIP = NO;
				DEBUG_INFORMATION_FORMAT = dwarf;
				ENABLE_STRICT_OBJC_MSGSEND = YES;
				ENABLE_TESTABILITY = YES;
				GCC_C_LANGUAGE_STANDARD = gnu11;
				GCC_DYNAMIC_NO_PIC = NO;
				GCC_NO_COMMON_BLOCKS = YES;
				GCC_OPTIMIZATION_LEVEL = 0;
				GCC_PREPROCESSOR_DEFINITIONS = (
					"DEBUG=1",
					"$(inherited)",
				);
				GCC_WARN_64_TO_32_BIT_CONVERSION = YES;
				GCC_WARN_ABOUT_RETURN_TYPE = YES_ERROR;
				GCC_WARN_UNDECLARED_SELECTOR = YES;
				GCC_WARN_UNINITIALIZED_AUTOS = YES_AGGRESSIVE;
				GCC_WARN_UNUSED_FUNCTION = YES;
				GCC_WARN_UNUSED_VARIABLE = YES;
				IPHONEOS_DEPLOYMENT_TARGET = 14.4;
				MTL_ENABLE_DEBUG_INFO = INCLUDE_SOURCE;
				MTL_FAST_MATH = YES;
				ONLY_ACTIVE_ARCH = YES;
				SDKROOT = iphoneos;
				SWIFT_ACTIVE_COMPILATION_CONDITIONS = DEBUG;
				SWIFT_OPTIMIZATION_LEVEL = "-Onone";
			};
			name = Debug;
		};
		7E6E03402605EDB50015571B /* Release */ = {
			isa = XCBuildConfiguration;
			buildSettings = {
				ALWAYS_SEARCH_USER_PATHS = NO;
				CLANG_ANALYZER_NONNULL = YES;
				CLANG_ANALYZER_NUMBER_OBJECT_CONVERSION = YES_AGGRESSIVE;
				CLANG_CXX_LANGUAGE_STANDARD = "gnu++14";
				CLANG_CXX_LIBRARY = "libc++";
				CLANG_ENABLE_MODULES = YES;
				CLANG_ENABLE_OBJC_ARC = YES;
				CLANG_ENABLE_OBJC_WEAK = YES;
				CLANG_WARN_BLOCK_CAPTURE_AUTORELEASING = YES;
				CLANG_WARN_BOOL_CONVERSION = YES;
				CLANG_WARN_COMMA = YES;
				CLANG_WARN_CONSTANT_CONVERSION = YES;
				CLANG_WARN_DEPRECATED_OBJC_IMPLEMENTATIONS = YES;
				CLANG_WARN_DIRECT_OBJC_ISA_USAGE = YES_ERROR;
				CLANG_WARN_DOCUMENTATION_COMMENTS = YES;
				CLANG_WARN_EMPTY_BODY = YES;
				CLANG_WARN_ENUM_CONVERSION = YES;
				CLANG_WARN_INFINITE_RECURSION = YES;
				CLANG_WARN_INT_CONVERSION = YES;
				CLANG_WARN_NON_LITERAL_NULL_CONVERSION = YES;
				CLANG_WARN_OBJC_IMPLICIT_RETAIN_SELF = YES;
				CLANG_WARN_OBJC_LITERAL_CONVERSION = YES;
				CLANG_WARN_OBJC_ROOT_CLASS = YES_ERROR;
				CLANG_WARN_QUOTED_INCLUDE_IN_FRAMEWORK_HEADER = YES;
				CLANG_WARN_RANGE_LOOP_ANALYSIS = YES;
				CLANG_WARN_STRICT_PROTOTYPES = YES;
				CLANG_WARN_SUSPICIOUS_MOVE = YES;
				CLANG_WARN_UNGUARDED_AVAILABILITY = YES_AGGRESSIVE;
				CLANG_WARN_UNREACHABLE_CODE = YES;
				CLANG_WARN__DUPLICATE_METHOD_MATCH = YES;
				COPY_PHASE_STRIP = NO;
				DEBUG_INFORMATION_FORMAT = "dwarf-with-dsym";
				ENABLE_NS_ASSERTIONS = NO;
				ENABLE_STRICT_OBJC_MSGSEND = YES;
				GCC_C_LANGUAGE_STANDARD = gnu11;
				GCC_NO_COMMON_BLOCKS = YES;
				GCC_WARN_64_TO_32_BIT_CONVERSION = YES;
				GCC_WARN_ABOUT_RETURN_TYPE = YES_ERROR;
				GCC_WARN_UNDECLARED_SELECTOR = YES;
				GCC_WARN_UNINITIALIZED_AUTOS = YES_AGGRESSIVE;
				GCC_WARN_UNUSED_FUNCTION = YES;
				GCC_WARN_UNUSED_VARIABLE = YES;
				IPHONEOS_DEPLOYMENT_TARGET = 14.4;
				MTL_ENABLE_DEBUG_INFO = NO;
				MTL_FAST_MATH = YES;
				SDKROOT = iphoneos;
				SWIFT_COMPILATION_MODE = wholemodule;
				SWIFT_OPTIMIZATION_LEVEL = "-O";
				VALIDATE_PRODUCT = YES;
			};
			name = Release;
		};
		7E6E03422605EDB50015571B /* Debug */ = {
			isa = XCBuildConfiguration;
			buildSettings = {
				ASSETCATALOG_COMPILER_APPICON_NAME = AppIcon;
				ASSETCATALOG_COMPILER_GLOBAL_ACCENT_COLOR_NAME = AccentColor;
				CODE_SIGN_STYLE = Automatic;
				DEVELOPMENT_TEAM = SGFQ55R4UD;
				INFOPLIST_FILE = PetMaster/Info.plist;
				LD_RUNPATH_SEARCH_PATHS = (
					"$(inherited)",
					"@executable_path/Frameworks",
				);
				PRODUCT_BUNDLE_IDENTIFIER = SWP.PetMaster;
				PRODUCT_NAME = "$(TARGET_NAME)";
				SWIFT_VERSION = 5.0;
				TARGETED_DEVICE_FAMILY = "1,2";
			};
			name = Debug;
		};
		7E6E03432605EDB50015571B /* Release */ = {
			isa = XCBuildConfiguration;
			buildSettings = {
				ASSETCATALOG_COMPILER_APPICON_NAME = AppIcon;
				ASSETCATALOG_COMPILER_GLOBAL_ACCENT_COLOR_NAME = AccentColor;
				CODE_SIGN_STYLE = Automatic;
				DEVELOPMENT_TEAM = SGFQ55R4UD;
				INFOPLIST_FILE = PetMaster/Info.plist;
				LD_RUNPATH_SEARCH_PATHS = (
					"$(inherited)",
					"@executable_path/Frameworks",
				);
				PRODUCT_BUNDLE_IDENTIFIER = SWP.PetMaster;
				PRODUCT_NAME = "$(TARGET_NAME)";
				SWIFT_VERSION = 5.0;
				TARGETED_DEVICE_FAMILY = "1,2";
			};
			name = Release;
		};
		7E6E03452605EDB50015571B /* Debug */ = {
			isa = XCBuildConfiguration;
			buildSettings = {
				ALWAYS_EMBED_SWIFT_STANDARD_LIBRARIES = YES;
				BUNDLE_LOADER = "$(TEST_HOST)";
				CODE_SIGN_STYLE = Automatic;
				DEVELOPMENT_TEAM = SGFQ55R4UD;
				INFOPLIST_FILE = PetMasterTests/Info.plist;
				IPHONEOS_DEPLOYMENT_TARGET = 14.4;
				LD_RUNPATH_SEARCH_PATHS = (
					"$(inherited)",
					"@executable_path/Frameworks",
					"@loader_path/Frameworks",
				);
				PRODUCT_BUNDLE_IDENTIFIER = SWP.PetMasterTests;
				PRODUCT_NAME = "$(TARGET_NAME)";
				SWIFT_VERSION = 5.0;
				TARGETED_DEVICE_FAMILY = "1,2";
				TEST_HOST = "$(BUILT_PRODUCTS_DIR)/PetMaster.app/PetMaster";
			};
			name = Debug;
		};
		7E6E03462605EDB50015571B /* Release */ = {
			isa = XCBuildConfiguration;
			buildSettings = {
				ALWAYS_EMBED_SWIFT_STANDARD_LIBRARIES = YES;
				BUNDLE_LOADER = "$(TEST_HOST)";
				CODE_SIGN_STYLE = Automatic;
				DEVELOPMENT_TEAM = SGFQ55R4UD;
				INFOPLIST_FILE = PetMasterTests/Info.plist;
				IPHONEOS_DEPLOYMENT_TARGET = 14.4;
				LD_RUNPATH_SEARCH_PATHS = (
					"$(inherited)",
					"@executable_path/Frameworks",
					"@loader_path/Frameworks",
				);
				PRODUCT_BUNDLE_IDENTIFIER = SWP.PetMasterTests;
				PRODUCT_NAME = "$(TARGET_NAME)";
				SWIFT_VERSION = 5.0;
				TARGETED_DEVICE_FAMILY = "1,2";
				TEST_HOST = "$(BUILT_PRODUCTS_DIR)/PetMaster.app/PetMaster";
			};
			name = Release;
		};
		7E6E03482605EDB50015571B /* Debug */ = {
			isa = XCBuildConfiguration;
			buildSettings = {
				ALWAYS_EMBED_SWIFT_STANDARD_LIBRARIES = YES;
				CODE_SIGN_STYLE = Automatic;
				DEVELOPMENT_TEAM = SGFQ55R4UD;
				INFOPLIST_FILE = PetMasterUITests/Info.plist;
				LD_RUNPATH_SEARCH_PATHS = (
					"$(inherited)",
					"@executable_path/Frameworks",
					"@loader_path/Frameworks",
				);
				PRODUCT_BUNDLE_IDENTIFIER = SWP.PetMasterUITests;
				PRODUCT_NAME = "$(TARGET_NAME)";
				SWIFT_VERSION = 5.0;
				TARGETED_DEVICE_FAMILY = "1,2";
				TEST_TARGET_NAME = PetMaster;
			};
			name = Debug;
		};
		7E6E03492605EDB50015571B /* Release */ = {
			isa = XCBuildConfiguration;
			buildSettings = {
				ALWAYS_EMBED_SWIFT_STANDARD_LIBRARIES = YES;
				CODE_SIGN_STYLE = Automatic;
				DEVELOPMENT_TEAM = SGFQ55R4UD;
				INFOPLIST_FILE = PetMasterUITests/Info.plist;
				LD_RUNPATH_SEARCH_PATHS = (
					"$(inherited)",
					"@executable_path/Frameworks",
					"@loader_path/Frameworks",
				);
				PRODUCT_BUNDLE_IDENTIFIER = SWP.PetMasterUITests;
				PRODUCT_NAME = "$(TARGET_NAME)";
				SWIFT_VERSION = 5.0;
				TARGETED_DEVICE_FAMILY = "1,2";
				TEST_TARGET_NAME = PetMaster;
			};
			name = Release;
		};
/* End XCBuildConfiguration section */

/* Begin XCConfigurationList section */
		7E6E03122605EDB40015571B /* Build configuration list for PBXProject "PetMaster" */ = {
			isa = XCConfigurationList;
			buildConfigurations = (
				7E6E033F2605EDB50015571B /* Debug */,
				7E6E03402605EDB50015571B /* Release */,
			);
			defaultConfigurationIsVisible = 0;
			defaultConfigurationName = Release;
		};
		7E6E03412605EDB50015571B /* Build configuration list for PBXNativeTarget "PetMaster" */ = {
			isa = XCConfigurationList;
			buildConfigurations = (
				7E6E03422605EDB50015571B /* Debug */,
				7E6E03432605EDB50015571B /* Release */,
			);
			defaultConfigurationIsVisible = 0;
			defaultConfigurationName = Release;
		};
		7E6E03442605EDB50015571B /* Build configuration list for PBXNativeTarget "PetMasterTests" */ = {
			isa = XCConfigurationList;
			buildConfigurations = (
				7E6E03452605EDB50015571B /* Debug */,
				7E6E03462605EDB50015571B /* Release */,
			);
			defaultConfigurationIsVisible = 0;
			defaultConfigurationName = Release;
		};
		7E6E03472605EDB50015571B /* Build configuration list for PBXNativeTarget "PetMasterUITests" */ = {
			isa = XCConfigurationList;
			buildConfigurations = (
				7E6E03482605EDB50015571B /* Debug */,
				7E6E03492605EDB50015571B /* Release */,
			);
			defaultConfigurationIsVisible = 0;
			defaultConfigurationName = Release;
		};
/* End XCConfigurationList section */
	};
	rootObject = 7E6E030F2605EDB40015571B /* Project object */;
}
